<?xml version="1.0" encoding="utf-8"?>
<Project ToolsVersion="4.0" xmlns="http://schemas.microsoft.com/developer/msbuild/2003">
  <ItemGroup>
    <Filter Include="Source Files">
      <UniqueIdentifier>{4FC737F1-C7A5-4376-A066-2A32D752A2FF}</UniqueIdentifier>
      <Extensions>cpp;c;cc;cxx;c++;def;odl;idl;hpj;bat;asm;asmx</Extensions>
    </Filter>
    <Filter Include="Header Files">
      <UniqueIdentifier>{93995380-89BD-4b04-88EB-625FBE52EBFB}</UniqueIdentifier>
      <Extensions>h;hh;hpp;hxx;h++;hm;inl;inc;ipp;xsd</Extensions>
    </Filter>
    <Filter Include="Resource Files">
      <UniqueIdentifier>{67DA6AB6-F800-4c08-8B7A-83BB121AAD01}</UniqueIdentifier>
      <Extensions>rc;ico;cur;bmp;dlg;rc2;rct;bin;rgs;gif;jpg;jpeg;jpe;resx;tiff;tif;png;wav;mfcribbon-ms</Extensions>
    </Filter>
    <Filter Include="Source Files\emu">
      <UniqueIdentifier>{3736ddb1-bca3-41ec-b769-3ec36c83dff8}</UniqueIdentifier>
    </Filter>
    <Filter Include="Header Files\emu">
      <UniqueIdentifier>{a2fc5be8-350f-4144-a2e0-3037387d35ec}</UniqueIdentifier>
    </Filter>
    <Filter Include="Header Files\BRRTools">
      <UniqueIdentifier>{de48984a-9492-404a-851f-d868c5200739}</UniqueIdentifier>
    </Filter>
    <Filter Include="Header Files\imgui">
      <UniqueIdentifier>{45e746df-29d1-4c4d-9474-991b5b01b5c8}</UniqueIdentifier>
    </Filter>
  </ItemGroup>
  <ItemGroup>
    <ClCompile Include="Channel.cpp">
      <Filter>Source Files</Filter>
    </ClCompile>
    <ClCompile Include="SoundGenerator.cpp">
      <Filter>Source Files</Filter>
    </ClCompile>
    <ClCompile Include="Tracker.cpp">
      <Filter>Source Files</Filter>
    </ClCompile>
    <ClCompile Include="Source.cpp">
      <Filter>Source Files</Filter>
    </ClCompile>
    <ClCompile Include="Instrument.cpp">
      <Filter>Source Files</Filter>
    </ClCompile>
    <ClCompile Include="Patterns.cpp">
      <Filter>Source Files</Filter>
    </ClCompile>
    <ClCompile Include="Libraries\ImGuiFileDialog-0.6.5\ImGuiFileDialog.cpp">
      <Filter>Header Files\imgui</Filter>
    </ClCompile>
    <ClCompile Include="Libraries\imgui\imgui_tables.cpp">
      <Filter>Header Files\imgui</Filter>
    </ClCompile>
    <ClCompile Include="Libraries\imgui\imgui_widgets.cpp">
      <Filter>Header Files\imgui</Filter>
    </ClCompile>
    <ClCompile Include="Libraries\imgui\backends\imgui_impl_opengl3.cpp">
      <Filter>Header Files\imgui</Filter>
    </ClCompile>
    <ClCompile Include="Libraries\imgui\backends\imgui_impl_glfw.cpp">
      <Filter>Header Files\imgui</Filter>
    </ClCompile>
    <ClCompile Include="BRRFile.cpp">
      <Filter>Source Files</Filter>
    </ClCompile>
    <ClCompile Include="Sample.cpp">
      <Filter>Source Files</Filter>
    </ClCompile>
    <ClCompile Include="SnesAPUHandler.cpp">
      <Filter>Source Files</Filter>
    </ClCompile>
    <ClCompile Include="Libraries\emu\dsp.cpp">
      <Filter>Source Files\emu</Filter>
    </ClCompile>
    <ClCompile Include="Libraries\emu\SNES_SPC.cpp">
      <Filter>Source Files\emu</Filter>
    </ClCompile>
    <ClCompile Include="Libraries\emu\SNES_SPC_misc.cpp">
      <Filter>Source Files\emu</Filter>
    </ClCompile>
    <ClCompile Include="Libraries\emu\SNES_SPC_state.cpp">
      <Filter>Source Files\emu</Filter>
    </ClCompile>
    <ClCompile Include="Libraries\emu\spc.cpp">
      <Filter>Source Files\emu</Filter>
    </ClCompile>
    <ClCompile Include="Libraries\emu\SPC_DSP.cpp">
      <Filter>Source Files\emu</Filter>
    </ClCompile>
    <ClCompile Include="Libraries\emu\SPC_Filter.cpp">
      <Filter>Source Files\emu</Filter>
    </ClCompile>
    <ClCompile Include="Effects.cpp">
      <Filter>Source Files</Filter>
    </ClCompile>
    <ClCompile Include="Libraries\implot-0.16\implot_items.cpp">
      <Filter>Header Files\imgui</Filter>
    </ClCompile>
    <ClCompile Include="Libraries\implot-0.16\implot.cpp">
      <Filter>Header Files\imgui</Filter>
    </ClCompile>
    <ClCompile Include="Libraries\implot-0.16\implot_demo.cpp">
      <Filter>Header Files\imgui</Filter>
    </ClCompile>
    <ClCompile Include="SettingsManager.cpp">
      <Filter>Source Files</Filter>
    </ClCompile>
    <ClCompile Include="Libraries\imgui\imgui_demo.cpp">
      <Filter>Header Files\imgui</Filter>
    </ClCompile>
    <ClCompile Include="Libraries\imgui\imgui_draw.cpp">
      <Filter>Header Files\imgui</Filter>
    </ClCompile>
    <ClCompile Include="Libraries\imgui\imgui.cpp">
      <Filter>Header Files\imgui</Filter>
    </ClCompile>
    <ClCompile Include="Libraries\BRRtools\BRRtools-master\src\brr.c">
      <Filter>Header Files\BRRTools</Filter>
    </ClCompile>
    <ClCompile Include="Libraries\BRRtools\BRRtools-master\src\brr_encoder.c">
      <Filter>Header Files\BRRTools</Filter>
    </ClCompile>
    <ClCompile Include="FileHandler.cpp">
      <Filter>Source Files</Filter>
    </ClCompile>
    <ClCompile Include="..\..\..\..\..\..\Downloads\miniz-3.0.2\miniz.c">
      <Filter>Source Files</Filter>
    </ClCompile>
  </ItemGroup>
  <ItemGroup>
    <ClInclude Include="Channel.h">
      <Filter>Header Files</Filter>
    </ClInclude>
    <ClInclude Include="SoundGenerator.h">
      <Filter>Header Files</Filter>
    </ClInclude>
    <ClInclude Include="Tracker.h">
      <Filter>Header Files</Filter>
    </ClInclude>
    <ClInclude Include="Instrument.h">
      <Filter>Header Files</Filter>
    </ClInclude>
    <ClInclude Include="Patterns.h">
      <Filter>Header Files</Filter>
    </ClInclude>
    <ClInclude Include="Sample.h">
      <Filter>Header Files</Filter>
    </ClInclude>
    <ClInclude Include="Libraries\ImGuiFileDialog-0.6.5\ImGuiFileDialogConfig.h">
      <Filter>Header Files\imgui</Filter>
    </ClInclude>
    <ClInclude Include="Libraries\ImGuiFileDialog-0.6.5\ImGuiFileDialog.h">
      <Filter>Header Files\imgui</Filter>
    </ClInclude>
    <ClInclude Include="Libraries\imgui\imconfig.h">
      <Filter>Header Files\imgui</Filter>
    </ClInclude>
    <ClInclude Include="Libraries\imgui\imgui_internal.h">
      <Filter>Header Files\imgui</Filter>
    </ClInclude>
    <ClInclude Include="Libraries\imgui\imstb_rectpack.h">
      <Filter>Header Files\imgui</Filter>
    </ClInclude>
    <ClInclude Include="Libraries\imgui\imstb_textedit.h">
      <Filter>Header Files\imgui</Filter>
    </ClInclude>
    <ClInclude Include="Libraries\imgui\imstb_truetype.h">
      <Filter>Header Files\imgui</Filter>
    </ClInclude>
    <ClInclude Include="Libraries\imgui\backends\imgui_impl_opengl3.h">
      <Filter>Header Files\imgui</Filter>
    </ClInclude>
    <ClInclude Include="Libraries\imgui\backends\imgui_impl_opengl3_loader.h">
      <Filter>Header Files\imgui</Filter>
    </ClInclude>
    <ClInclude Include="Libraries\imgui\backends\imgui_impl_glfw.h">
      <Filter>Header Files\imgui</Filter>
    </ClInclude>
    <ClInclude Include="BRRFile.h">
      <Filter>Header Files</Filter>
    </ClInclude>
    <ClInclude Include="SnesAPUHandler.h">
      <Filter>Header Files</Filter>
    </ClInclude>
    <ClInclude Include="Libraries\glfw-3.3.8\glfw-3.3.8\include\GLFW\glfw3.h">
      <Filter>Header Files\imgui</Filter>
    </ClInclude>
    <ClInclude Include="Libraries\glfw-3.3.8\glfw-3.3.8\include\GLFW\glfw3native.h">
      <Filter>Header Files\imgui</Filter>
    </ClInclude>
    <ClInclude Include="Libraries\emu\blargg_endian.h">
      <Filter>Header Files\emu</Filter>
    </ClInclude>
    <ClInclude Include="Libraries\emu\blargg_source.h">
      <Filter>Header Files\emu</Filter>
    </ClInclude>
    <ClInclude Include="Libraries\emu\dsp.h">
      <Filter>Header Files\emu</Filter>
    </ClInclude>
    <ClInclude Include="Libraries\emu\SNES_SPC.h">
      <Filter>Header Files\emu</Filter>
    </ClInclude>
    <ClInclude Include="Libraries\emu\spc.h">
      <Filter>Header Files\emu</Filter>
    </ClInclude>
    <ClInclude Include="Libraries\emu\SPC_CPU.h">
      <Filter>Header Files\emu</Filter>
    </ClInclude>
    <ClInclude Include="Libraries\emu\SPC_DSP.h">
      <Filter>Header Files\emu</Filter>
    </ClInclude>
    <ClInclude Include="Libraries\emu\SPC_Filter.h">
      <Filter>Header Files\emu</Filter>
    </ClInclude>
    <ClInclude Include="Libraries\emu\blargg_common.h">
      <Filter>Header Files\emu</Filter>
    </ClInclude>
    <ClInclude Include="Libraries\emu\blargg_config.h">
      <Filter>Header Files\emu</Filter>
    </ClInclude>
    <ClInclude Include="Effects.h">
      <Filter>Header Files</Filter>
    </ClInclude>
    <ClInclude Include="Libraries\implot-0.16\implot.h">
      <Filter>Header Files\imgui</Filter>
    </ClInclude>
    <ClInclude Include="Libraries\implot-0.16\implot_internal.h">
      <Filter>Header Files\imgui</Filter>
    </ClInclude>
    <ClInclude Include="SettingsManager.h">
      <Filter>Header Files</Filter>
    </ClInclude>
    <ClInclude Include="Libraries\imgui-1.90.4\imgui-1.90.4\imconfig.h">
      <Filter>Header Files\imgui</Filter>
    </ClInclude>
    <ClInclude Include="Libraries\imgui\imgui.h">
      <Filter>Header Files\imgui</Filter>
    </ClInclude>
    <ClInclude Include="FileDef.h">
      <Filter>Header Files</Filter>
    </ClInclude>
    <ClInclude Include="Libraries\BRRtools\BRRtools-master\src\brr.h">
      <Filter>Header Files\BRRTools</Filter>
    </ClInclude>
    <ClInclude Include="Libraries\BRRtools\BRRtools-master\src\common.h">
      <Filter>Header Files\BRRTools</Filter>
    </ClInclude>
    <ClInclude Include="Macros.h">
      <Filter>Header Files</Filter>
    </ClInclude>
    <ClInclude Include="FileHandler.h">
      <Filter>Header Files</Filter>
    </ClInclude>
    <ClInclude Include="..\..\..\..\..\..\Downloads\miniz-3.0.2\miniz.h">
      <Filter>Header Files</Filter>
    </ClInclude>
  </ItemGroup>
  <ItemGroup>
    <Text Include="Libraries\imgui\LICENSE.txt">
      <Filter>Header Files\imgui</Filter>
    </Text>
  </ItemGroup>
</Project>