
Microsoft Visual Studio Solution File, Format Version 12.00
# Visual Studio Version 17
VisualStudioVersion = 17.2.32616.157
MinimumVisualStudioVersion = 10.0.40219.1
Project("{8BC9CEB8-8B4A-11D0-8D11-00A0C91BC942}") = "CrispyTracker", "CrispyTracker.vcxproj", "{F1E7C685-05D1-491A-B5A9-ADB1AEA85EFF}"
EndProject
Global
	GlobalSection(SolutionConfigurationPlatforms) = preSolution
		Debug|x64 = Debug|x64
		Debug|x86 = Debug|x86
		Release|x64 = Release|x64
		Release|x86 = Release|x86
	EndGlobalSection
	GlobalSection(ProjectConfigurationPlatforms) = postSolution
		{F1E7C685-05D1-491A-B5A9-ADB1AEA85EFF}.Debug|x64.ActiveCfg = Debug|x64
		{F1E7C685-05D1-491A-B5A9-ADB1AEA85EFF}.Debug|x64.Build.0 = Debug|x64
		{F1E7C685-05D1-491A-B5A9-ADB1AEA85EFF}.Debug|x86.ActiveCfg = Debug|Win32
		{F1E7C685-05D1-491A-B5A9-ADB1AEA85EFF}.Debug|x86.Build.0 = Debug|Win32
		{F1E7C685-05D1-491A-B5A9-ADB1AEA85EFF}.Release|x64.ActiveCfg = Release|x64
		{F1E7C685-05D1-491A-B5A9-ADB1AEA85EFF}.Release|x64.Build.0 = Release|x64
		{F1E7C685-05D1-491A-B5A9-ADB1AEA85EFF}.Release|x86.ActiveCfg = Release|Win32
		{F1E7C685-05D1-491A-B5A9-ADB1AEA85EFF}.Release|x86.Build.0 = Release|Win32
	EndGlobalSection
	GlobalSection(SolutionProperties) = preSolution
		HideSolutionNode = FALSE
	EndGlobalSection
	GlobalSection(ExtensibilityGlobals) = postSolution
		SolutionGuid = {85296DD8-CFDF-4A73-A432-EA27163CA7AE}
	EndGlobalSection
EndGlobal
